// !$*UTF8*$!
{
	archiveVersion = 1;
	classes = {
	};
	objectVersion = 46;
	objects = {

/* Begin PBXBuildFile section */
		0512423D1AA29CB3002D76A2 /* main.m in Sources */ = {isa = PBXBuildFile; fileRef = 0512423C1AA29CB3002D76A2 /* main.m */; };
		051242401AA29CB3002D76A2 /* AppDelegate.m in Sources */ = {isa = PBXBuildFile; fileRef = 0512423F1AA29CB3002D76A2 /* AppDelegate.m */; };
		051242431AA29CB3002D76A2 /* FirstViewController.m in Sources */ = {isa = PBXBuildFile; fileRef = 051242421AA29CB3002D76A2 /* FirstViewController.m */; };
		051242461AA29CB3002D76A2 /* SecondViewController.m in Sources */ = {isa = PBXBuildFile; fileRef = 051242451AA29CB3002D76A2 /* SecondViewController.m */; };
		051242491AA29CB3002D76A2 /* Main.storyboard in Resources */ = {isa = PBXBuildFile; fileRef = 051242471AA29CB3002D76A2 /* Main.storyboard */; };
		0512424B1AA29CB3002D76A2 /* Images.xcassets in Resources */ = {isa = PBXBuildFile; fileRef = 0512424A1AA29CB3002D76A2 /* Images.xcassets */; };
		0512424E1AA29CB3002D76A2 /* LaunchScreen.xib in Resources */ = {isa = PBXBuildFile; fileRef = 0512424C1AA29CB3002D76A2 /* LaunchScreen.xib */; };
		0512425A1AA29CB3002D76A2 /* TestTests.m in Sources */ = {isa = PBXBuildFile; fileRef = 051242591AA29CB3002D76A2 /* TestTests.m */; };
		0512426B1AA2A26A002D76A2 /* OSController.m in Sources */ = {isa = PBXBuildFile; fileRef = 051242691AA2A26A002D76A2 /* OSController.m */; };
		0512426C1AA2A26A002D76A2 /* OSController.xib in Resources */ = {isa = PBXBuildFile; fileRef = 0512426A1AA2A26A002D76A2 /* OSController.xib */; };
		051242701AA2A2AC002D76A2 /* ThirdViewController.m in Sources */ = {isa = PBXBuildFile; fileRef = 0512426E1AA2A2AC002D76A2 /* ThirdViewController.m */; };
		051242711AA2A2AC002D76A2 /* ThirdViewController.xib in Resources */ = {isa = PBXBuildFile; fileRef = 0512426F1AA2A2AC002D76A2 /* ThirdViewController.xib */; };
		051242741AA2B562002D76A2 /* OperationQueueController.m in Sources */ = {isa = PBXBuildFile; fileRef = 051242731AA2B562002D76A2 /* OperationQueueController.m */; };
		051242771AA2B5B4002D76A2 /* DownOperation.m in Sources */ = {isa = PBXBuildFile; fileRef = 051242761AA2B5B4002D76A2 /* DownOperation.m */; };
/* End PBXBuildFile section */

/* Begin PBXContainerItemProxy section */
		051242541AA29CB3002D76A2 /* PBXContainerItemProxy */ = {
			isa = PBXContainerItemProxy;
			containerPortal = 0512422F1AA29CB3002D76A2 /* Project object */;
			proxyType = 1;
			remoteGlobalIDString = 051242361AA29CB3002D76A2;
			remoteInfo = Test;
		};
/* End PBXContainerItemProxy section */

/* Begin PBXFileReference section */
		051242371AA29CB3002D76A2 /* Test.app */ = {isa = PBXFileReference; explicitFileType = wrapper.application; includeInIndex = 0; path = Test.app; sourceTree = BUILT_PRODUCTS_DIR; };
		0512423B1AA29CB3002D76A2 /* Info.plist */ = {isa = PBXFileReference; lastKnownFileType = text.plist.xml; path = Info.plist; sourceTree = "<group>"; };
		0512423C1AA29CB3002D76A2 /* main.m */ = {isa = PBXFileReference; lastKnownFileType = sourcecode.c.objc; path = main.m; sourceTree = "<group>"; };
		0512423E1AA29CB3002D76A2 /* AppDelegate.h */ = {isa = PBXFileReference; lastKnownFileType = sourcecode.c.h; path = AppDelegate.h; sourceTree = "<group>"; };
		0512423F1AA29CB3002D76A2 /* AppDelegate.m */ = {isa = PBXFileReference; lastKnownFileType = sourcecode.c.objc; path = AppDelegate.m; sourceTree = "<group>"; };
		051242411AA29CB3002D76A2 /* FirstViewController.h */ = {isa = PBXFileReference; lastKnownFileType = sourcecode.c.h; path = FirstViewController.h; sourceTree = "<group>"; };
		051242421AA29CB3002D76A2 /* FirstViewController.m */ = {isa = PBXFileReference; lastKnownFileType = sourcecode.c.objc; path = FirstViewController.m; sourceTree = "<group>"; };
		051242441AA29CB3002D76A2 /* SecondViewController.h */ = {isa = PBXFileReference; lastKnownFileType = sourcecode.c.h; path = SecondViewController.h; sourceTree = "<group>"; };
		051242451AA29CB3002D76A2 /* SecondViewController.m */ = {isa = PBXFileReference; lastKnownFileType = sourcecode.c.objc; path = SecondViewController.m; sourceTree = "<group>"; };
		051242481AA29CB3002D76A2 /* Base */ = {isa = PBXFileReference; lastKnownFileType = file.storyboard; name = Base; path = Base.lproj/Main.storyboard; sourceTree = "<group>"; };
		0512424A1AA29CB3002D76A2 /* Images.xcassets */ = {isa = PBXFileReference; lastKnownFileType = folder.assetcatalog; path = Images.xcassets; sourceTree = "<group>"; };
		0512424D1AA29CB3002D76A2 /* Base */ = {isa = PBXFileReference; lastKnownFileType = file.xib; name = Base; path = Base.lproj/LaunchScreen.xib; sourceTree = "<group>"; };
		051242531AA29CB3002D76A2 /* TestTests.xctest */ = {isa = PBXFileReference; explicitFileType = wrapper.cfbundle; includeInIndex = 0; path = TestTests.xctest; sourceTree = BUILT_PRODUCTS_DIR; };
		051242581AA29CB3002D76A2 /* Info.plist */ = {isa = PBXFileReference; lastKnownFileType = text.plist.xml; path = Info.plist; sourceTree = "<group>"; };
		051242591AA29CB3002D76A2 /* TestTests.m */ = {isa = PBXFileReference; lastKnownFileType = sourcecode.c.objc; path = TestTests.m; sourceTree = "<group>"; };
		051242681AA2A26A002D76A2 /* OSController.h */ = {isa = PBXFileReference; fileEncoding = 4; lastKnownFileType = sourcecode.c.h; path = OSController.h; sourceTree = "<group>"; };
		051242691AA2A26A002D76A2 /* OSController.m */ = {isa = PBXFileReference; fileEncoding = 4; lastKnownFileType = sourcecode.c.objc; path = OSController.m; sourceTree = "<group>"; };
		0512426A1AA2A26A002D76A2 /* OSController.xib */ = {isa = PBXFileReference; fileEncoding = 4; lastKnownFileType = file.xib; path = OSController.xib; sourceTree = "<group>"; };
		0512426D1AA2A2AC002D76A2 /* ThirdViewController.h */ = {isa = PBXFileReference; fileEncoding = 4; lastKnownFileType = sourcecode.c.h; path = ThirdViewController.h; sourceTree = "<group>"; };
		0512426E1AA2A2AC002D76A2 /* ThirdViewController.m */ = {isa = PBXFileReference; fileEncoding = 4; lastKnownFileType = sourcecode.c.objc; path = ThirdViewController.m; sourceTree = "<group>"; };
		0512426F1AA2A2AC002D76A2 /* ThirdViewController.xib */ = {isa = PBXFileReference; fileEncoding = 4; lastKnownFileType = file.xib; path = ThirdViewController.xib; sourceTree = "<group>"; };
		051242721AA2B562002D76A2 /* OperationQueueController.h */ = {isa = PBXFileReference; fileEncoding = 4; lastKnownFileType = sourcecode.c.h; path = OperationQueueController.h; sourceTree = "<group>"; };
		051242731AA2B562002D76A2 /* OperationQueueController.m */ = {isa = PBXFileReference; fileEncoding = 4; lastKnownFileType = sourcecode.c.objc; path = OperationQueueController.m; sourceTree = "<group>"; };
		051242751AA2B5B4002D76A2 /* DownOperation.h */ = {isa = PBXFileReference; fileEncoding = 4; lastKnownFileType = sourcecode.c.h; path = DownOperation.h; sourceTree = "<group>"; };
		051242761AA2B5B4002D76A2 /* DownOperation.m */ = {isa = PBXFileReference; fileEncoding = 4; lastKnownFileType = sourcecode.c.objc; path = DownOperation.m; sourceTree = "<group>"; };
/* End PBXFileReference section */

/* Begin PBXFrameworksBuildPhase section */
		051242341AA29CB3002D76A2 /* Frameworks */ = {
			isa = PBXFrameworksBuildPhase;
			buildActionMask = 2147483647;
			files = (
			);
			runOnlyForDeploymentPostprocessing = 0;
		};
		051242501AA29CB3002D76A2 /* Frameworks */ = {
			isa = PBXFrameworksBuildPhase;
			buildActionMask = 2147483647;
			files = (
			);
			runOnlyForDeploymentPostprocessing = 0;
		};
/* End PBXFrameworksBuildPhase section */

/* Begin PBXGroup section */
		0512422E1AA29CB3002D76A2 = {
			isa = PBXGroup;
			children = (
				051242391AA29CB3002D76A2 /* Test */,
				051242561AA29CB3002D76A2 /* TestTests */,
				051242381AA29CB3002D76A2 /* Products */,
			);
			sourceTree = "<group>";
		};
		051242381AA29CB3002D76A2 /* Products */ = {
			isa = PBXGroup;
			children = (
				051242371AA29CB3002D76A2 /* Test.app */,
				051242531AA29CB3002D76A2 /* TestTests.xctest */,
			);
			name = Products;
			sourceTree = "<group>";
		};
		051242391AA29CB3002D76A2 /* Test */ = {
			isa = PBXGroup;
			children = (
				0512423E1AA29CB3002D76A2 /* AppDelegate.h */,
				0512423F1AA29CB3002D76A2 /* AppDelegate.m */,
				051242411AA29CB3002D76A2 /* FirstViewController.h */,
				051242421AA29CB3002D76A2 /* FirstViewController.m */,
				051242441AA29CB3002D76A2 /* SecondViewController.h */,
				051242451AA29CB3002D76A2 /* SecondViewController.m */,
				0512426D1AA2A2AC002D76A2 /* ThirdViewController.h */,
				0512426E1AA2A2AC002D76A2 /* ThirdViewController.m */,
				0512426F1AA2A2AC002D76A2 /* ThirdViewController.xib */,
				051242471AA29CB3002D76A2 /* Main.storyboard */,
				0512424A1AA29CB3002D76A2 /* Images.xcassets */,
				0512424C1AA29CB3002D76A2 /* LaunchScreen.xib */,
				0512423A1AA29CB3002D76A2 /* Supporting Files */,
			);
			path = Test;
			sourceTree = "<group>";
		};
		0512423A1AA29CB3002D76A2 /* Supporting Files */ = {
			isa = PBXGroup;
			children = (
				051242631AA2A066002D76A2 /* OC */,
				051242641AA2A066002D76A2 /* OS */,
				051242651AA2A066002D76A2 /* DS */,
				051242661AA2A066002D76A2 /* NET */,
				0512423B1AA29CB3002D76A2 /* Info.plist */,
				0512423C1AA29CB3002D76A2 /* main.m */,
			);
			name = "Supporting Files";
			sourceTree = "<group>";
		};
		051242561AA29CB3002D76A2 /* TestTests */ = {
			isa = PBXGroup;
			children = (
				051242591AA29CB3002D76A2 /* TestTests.m */,
				051242571AA29CB3002D76A2 /* Supporting Files */,
			);
			path = TestTests;
			sourceTree = "<group>";
		};
		051242571AA29CB3002D76A2 /* Supporting Files */ = {
			isa = PBXGroup;
			children = (
				051242581AA29CB3002D76A2 /* Info.plist */,
			);
			name = "Supporting Files";
			sourceTree = "<group>";
		};
		051242631AA2A066002D76A2 /* OC */ = {
			isa = PBXGroup;
			children = (
			);
			path = OC;
			sourceTree = "<group>";
		};
		051242641AA2A066002D76A2 /* OS */ = {
			isa = PBXGroup;
			children = (
				051242671AA2A09D002D76A2 /* NSOperationQueue */,
				051242681AA2A26A002D76A2 /* OSController.h */,
				051242691AA2A26A002D76A2 /* OSController.m */,
				0512426A1AA2A26A002D76A2 /* OSController.xib */,
			);
			path = OS;
			sourceTree = "<group>";
		};
		051242651AA2A066002D76A2 /* DS */ = {
			isa = PBXGroup;
			children = (
			);
			path = DS;
			sourceTree = "<group>";
		};
		051242661AA2A066002D76A2 /* NET */ = {
			isa = PBXGroup;
			children = (
			);
			path = NET;
			sourceTree = "<group>";
		};
		051242671AA2A09D002D76A2 /* NSOperationQueue */ = {
			isa = PBXGroup;
			children = (
				051242721AA2B562002D76A2 /* OperationQueueController.h */,
				051242731AA2B562002D76A2 /* OperationQueueController.m */,
				051242751AA2B5B4002D76A2 /* DownOperation.h */,
				051242761AA2B5B4002D76A2 /* DownOperation.m */,
			);
			path = NSOperationQueue;
			sourceTree = "<group>";
		};
/* End PBXGroup section */

/* Begin PBXNativeTarget section */
		051242361AA29CB3002D76A2 /* Test */ = {
			isa = PBXNativeTarget;
			buildConfigurationList = 0512425D1AA29CB3002D76A2 /* Build configuration list for PBXNativeTarget "Test" */;
			buildPhases = (
				051242331AA29CB3002D76A2 /* Sources */,
				051242341AA29CB3002D76A2 /* Frameworks */,
				051242351AA29CB3002D76A2 /* Resources */,
			);
			buildRules = (
			);
			dependencies = (
			);
			name = Test;
			productName = Test;
			productReference = 051242371AA29CB3002D76A2 /* Test.app */;
			productType = "com.apple.product-type.application";
		};
		051242521AA29CB3002D76A2 /* TestTests */ = {
			isa = PBXNativeTarget;
			buildConfigurationList = 051242601AA29CB3002D76A2 /* Build configuration list for PBXNativeTarget "TestTests" */;
			buildPhases = (
				0512424F1AA29CB3002D76A2 /* Sources */,
				051242501AA29CB3002D76A2 /* Frameworks */,
				051242511AA29CB3002D76A2 /* Resources */,
			);
			buildRules = (
			);
			dependencies = (
				051242551AA29CB3002D76A2 /* PBXTargetDependency */,
			);
			name = TestTests;
			productName = TestTests;
			productReference = 051242531AA29CB3002D76A2 /* TestTests.xctest */;
			productType = "com.apple.product-type.bundle.unit-test";
		};
/* End PBXNativeTarget section */

/* Begin PBXProject section */
		0512422F1AA29CB3002D76A2 /* Project object */ = {
			isa = PBXProject;
			attributes = {
				LastUpgradeCheck = 0610;
				ORGANIZATIONNAME = AC;
				TargetAttributes = {
					051242361AA29CB3002D76A2 = {
						CreatedOnToolsVersion = 6.1.1;
					};
					051242521AA29CB3002D76A2 = {
						CreatedOnToolsVersion = 6.1.1;
						TestTargetID = 051242361AA29CB3002D76A2;
					};
				};
			};
			buildConfigurationList = 051242321AA29CB3002D76A2 /* Build configuration list for PBXProject "Test" */;
			compatibilityVersion = "Xcode 3.2";
			developmentRegion = English;
			hasScannedForEncodings = 0;
			knownRegions = (
				en,
				Base,
			);
			mainGroup = 0512422E1AA29CB3002D76A2;
			productRefGroup = 051242381AA29CB3002D76A2 /* Products */;
			projectDirPath = "";
			projectRoot = "";
			targets = (
				051242361AA29CB3002D76A2 /* Test */,
				051242521AA29CB3002D76A2 /* TestTests */,
			);
		};
/* End PBXProject section */

/* Begin PBXResourcesBuildPhase section */
		051242351AA29CB3002D76A2 /* Resources */ = {
			isa = PBXResourcesBuildPhase;
			buildActionMask = 2147483647;
			files = (
				051242491AA29CB3002D76A2 /* Main.storyboard in Resources */,
				0512424E1AA29CB3002D76A2 /* LaunchScreen.xib in Resources */,
				0512424B1AA29CB3002D76A2 /* Images.xcassets in Resources */,
				051242711AA2A2AC002D76A2 /* ThirdViewController.xib in Resources */,
				0512426C1AA2A26A002D76A2 /* OSController.xib in Resources */,
			);
			runOnlyForDeploymentPostprocessing = 0;
		};
		051242511AA29CB3002D76A2 /* Resources */ = {
			isa = PBXResourcesBuildPhase;
			buildActionMask = 2147483647;
			files = (
			);
			runOnlyForDeploymentPostprocessing = 0;
		};
/* End PBXResourcesBuildPhase section */

/* Begin PBXSourcesBuildPhase section */
		051242331AA29CB3002D76A2 /* Sources */ = {
			isa = PBXSourcesBuildPhase;
			buildActionMask = 2147483647;
			files = (
				051242461AA29CB3002D76A2 /* SecondViewController.m in Sources */,
				051242401AA29CB3002D76A2 /* AppDelegate.m in Sources */,
				051242741AA2B562002D76A2 /* OperationQueueController.m in Sources */,
				051242771AA2B5B4002D76A2 /* DownOperation.m in Sources */,
				051242701AA2A2AC002D76A2 /* ThirdViewController.m in Sources */,
				051242431AA29CB3002D76A2 /* FirstViewController.m in Sources */,
				0512426B1AA2A26A002D76A2 /* OSController.m in Sources */,
				0512423D1AA29CB3002D76A2 /* main.m in Sources */,
			);
			runOnlyForDeploymentPostprocessing = 0;
		};
		0512424F1AA29CB3002D76A2 /* Sources */ = {
			isa = PBXSourcesBuildPhase;
			buildActionMask = 2147483647;
			files = (
				0512425A1AA29CB3002D76A2 /* TestTests.m in Sources */,
			);
			runOnlyForDeploymentPostprocessing = 0;
		};
/* End PBXSourcesBuildPhase section */

/* Begin PBXTargetDependency section */
		051242551AA29CB3002D76A2 /* PBXTargetDependency */ = {
			isa = PBXTargetDependency;
			target = 051242361AA29CB3002D76A2 /* Test */;
			targetProxy = 051242541AA29CB3002D76A2 /* PBXContainerItemProxy */;
		};
/* End PBXTargetDependency section */

/* Begin PBXVariantGroup section */
		051242471AA29CB3002D76A2 /* Main.storyboard */ = {
			isa = PBXVariantGroup;
			children = (
				051242481AA29CB3002D76A2 /* Base */,
			);
			name = Main.storyboard;
			sourceTree = "<group>";
		};
		0512424C1AA29CB3002D76A2 /* LaunchScreen.xib */ = {
			isa = PBXVariantGroup;
			children = (
				0512424D1AA29CB3002D76A2 /* Base */,
			);
			name = LaunchScreen.xib;
			sourceTree = "<group>";
		};
/* End PBXVariantGroup section */

/* Begin XCBuildConfiguration section */
		0512425B1AA29CB3002D76A2 /* Debug */ = {
			isa = XCBuildConfiguration;
			buildSettings = {
				ALWAYS_SEARCH_USER_PATHS = NO;
				CLANG_CXX_LANGUAGE_STANDARD = "gnu++0x";
				CLANG_CXX_LIBRARY = "libc++";
				CLANG_ENABLE_MODULES = YES;
				CLANG_ENABLE_OBJC_ARC = YES;
				CLANG_WARN_BOOL_CONVERSION = YES;
				CLANG_WARN_CONSTANT_CONVERSION = YES;
				CLANG_WARN_DIRECT_OBJC_ISA_USAGE = YES_ERROR;
				CLANG_WARN_EMPTY_BODY = YES;
				CLANG_WARN_ENUM_CONVERSION = YES;
				CLANG_WARN_INT_CONVERSION = YES;
				CLANG_WARN_OBJC_ROOT_CLASS = YES_ERROR;
				CLANG_WARN_UNREACHABLE_CODE = YES;
				CLANG_WARN__DUPLICATE_METHOD_MATCH = YES;
				"CODE_SIGN_IDENTITY[sdk=iphoneos*]" = "iPhone Developer";
				COPY_PHASE_STRIP = NO;
				ENABLE_STRICT_OBJC_MSGSEND = YES;
				GCC_C_LANGUAGE_STANDARD = gnu99;
				GCC_DYNAMIC_NO_PIC = NO;
				GCC_OPTIMIZATION_LEVEL = 0;
				GCC_PREPROCESSOR_DEFINITIONS = (
					"DEBUG=1",
					"$(inherited)",
				);
				GCC_SYMBOLS_PRIVATE_EXTERN = NO;
				GCC_WARN_64_TO_32_BIT_CONVERSION = YES;
				GCC_WARN_ABOUT_RETURN_TYPE = YES_ERROR;
				GCC_WARN_UNDECLARED_SELECTOR = YES;
				GCC_WARN_UNINITIALIZED_AUTOS = YES_AGGRESSIVE;
				GCC_WARN_UNUSED_FUNCTION = YES;
				GCC_WARN_UNUSED_VARIABLE = YES;
				IPHONEOS_DEPLOYMENT_TARGET = 8.1;
				MTL_ENABLE_DEBUG_INFO = YES;
				ONLY_ACTIVE_ARCH = YES;
				SDKROOT = iphoneos;
				TARGETED_DEVICE_FAMILY = "1,2";
			};
			name = Debug;
		};
		0512425C1AA29CB3002D76A2 /* Release */ = {
			isa = XCBuildConfiguration;
			buildSettings = {
				ALWAYS_SEARCH_USER_PATHS = NO;
				CLANG_CXX_LANGUAGE_STANDARD = "gnu++0x";
				CLANG_CXX_LIBRARY = "libc++";
				CLANG_ENABLE_MODULES = YES;
				CLANG_ENABLE_OBJC_ARC = YES;
				CLANG_WARN_BOOL_CONVERSION = YES;
				CLANG_WARN_CONSTANT_CONVERSION = YES;
				CLANG_WARN_DIRECT_OBJC_ISA_USAGE = YES_ERROR;
				CLANG_WARN_EMPTY_BODY = YES;
				CLANG_WARN_ENUM_CONVERSION = YES;
				CLANG_WARN_INT_CONVERSION = YES;
				CLANG_WARN_OBJC_ROOT_CLASS = YES_ERROR;
				CLANG_WARN_UNREACHABLE_CODE = YES;
				CLANG_WARN__DUPLICATE_METHOD_MATCH = YES;
				"CODE_SIGN_IDENTITY[sdk=iphoneos*]" = "iPhone Developer";
				COPY_PHASE_STRIP = YES;
				ENABLE_NS_ASSERTIONS = NO;
				ENABLE_STRICT_OBJC_MSGSEND = YES;
				GCC_C_LANGUAGE_STANDARD = gnu99;
				GCC_WARN_64_TO_32_BIT_CONVERSION = YES;
				GCC_WARN_ABOUT_RETURN_TYPE = YES_ERROR;
				GCC_WARN_UNDECLARED_SELECTOR = YES;
				GCC_WARN_UNINITIALIZED_AUTOS = YES_AGGRESSIVE;
				GCC_WARN_UNUSED_FUNCTION = YES;
				GCC_WARN_UNUSED_VARIABLE = YES;
				IPHONEOS_DEPLOYMENT_TARGET = 8.1;
				MTL_ENABLE_DEBUG_INFO = NO;
				SDKROOT = iphoneos;
				TARGETED_DEVICE_FAMILY = "1,2";
				VALIDATE_PRODUCT = YES;
			};
			name = Release;
		};
		0512425E1AA29CB3002D76A2 /* Debug */ = {
			isa = XCBuildConfiguration;
			buildSettings = {
				ASSETCATALOG_COMPILER_APPICON_NAME = AppIcon;
				INFOPLIST_FILE = Test/Info.plist;
				LD_RUNPATH_SEARCH_PATHS = "$(inherited) @executable_path/Frameworks";
				PRODUCT_NAME = "$(TARGET_NAME)";
			};
			name = Debug;
		};
		0512425F1AA29CB3002D76A2 /* Release */ = {
			isa = XCBuildConfiguration;
			buildSettings = {
				ASSETCATALOG_COMPILER_APPICON_NAME = AppIcon;
				INFOPLIST_FILE = Test/Info.plist;
				LD_RUNPATH_SEARCH_PATHS = "$(inherited) @executable_path/Frameworks";
				PRODUCT_NAME = "$(TARGET_NAME)";
			};
			name = Release;
		};
		051242611AA29CB3002D76A2 /* Debug */ = {
			isa = XCBuildConfiguration;
			buildSettings = {
				BUNDLE_LOADER = "$(TEST_HOST)";
				FRAMEWORK_SEARCH_PATHS = (
					"$(SDKROOT)/Developer/Library/Frameworks",
					"$(inherited)",
				);
				GCC_PREPROCESSOR_DEFINITIONS = (
					"DEBUG=1",
					"$(inherited)",
				);
				INFOPLIST_FILE = TestTests/Info.plist;
				LD_RUNPATH_SEARCH_PATHS = "$(inherited) @executable_path/Frameworks @loader_path/Frameworks";
				PRODUCT_NAME = "$(TARGET_NAME)";
				TEST_HOST = "$(BUILT_PRODUCTS_DIR)/Test.app/Test";
			};
			name = Debug;
		};
		051242621AA29CB3002D76A2 /* Release */ = {
			isa = XCBuildConfiguration;
			buildSettings = {
				BUNDLE_LOADER = "$(TEST_HOST)";
				FRAMEWORK_SEARCH_PATHS = (
					"$(SDKROOT)/Developer/Library/Frameworks",
					"$(inherited)",
				);
				INFOPLIST_FILE = TestTests/Info.plist;
				LD_RUNPATH_SEARCH_PATHS = "$(inherited) @executable_path/Frameworks @loader_path/Frameworks";
				PRODUCT_NAME = "$(TARGET_NAME)";
				TEST_HOST = "$(BUILT_PRODUCTS_DIR)/Test.app/Test";
			};
			name = Release;
		};
/* End XCBuildConfiguration section */

/* Begin XCConfigurationList section */
		051242321AA29CB3002D76A2 /* Build configuration list for PBXProject "Test" */ = {
			isa = XCConfigurationList;
			buildConfigurations = (
				0512425B1AA29CB3002D76A2 /* Debug */,
				0512425C1AA29CB3002D76A2 /* Release */,
			);
			defaultConfigurationIsVisible = 0;
			defaultConfigurationName = Release;
		};
		0512425D1AA29CB3002D76A2 /* Build configuration list for PBXNativeTarget "Test" */ = {
			isa = XCConfigurationList;
			buildConfigurations = (
				0512425E1AA29CB3002D76A2 /* Debug */,
				0512425F1AA29CB3002D76A2 /* Release */,
			);
			defaultConfigurationIsVisible = 0;
		};
		051242601AA29CB3002D76A2 /* Build configuration list for PBXNativeTarget "TestTests" */ = {
			isa = XCConfigurationList;
			buildConfigurations = (
				051242611AA29CB3002D76A2 /* Debug */,
				051242621AA29CB3002D76A2 /* Release */,
			);
			defaultConfigurationIsVisible = 0;
		};
/* End XCConfigurationList section */
	};
	rootObject = 0512422F1AA29CB3002D76A2 /* Project object */;
}
